// !$*UTF8*$!
{
	archiveVersion = 1;
	classes = {
	};
	objectVersion = 46;
	objects = {

/* Begin PBXBuildFile section */
		1413275C16CD506C007B6207 /* Target.m in Sources */ = {isa = PBXBuildFile; fileRef = 1413275B16CD506C007B6207 /* Target.m */; };
		14FF226C16CABC6100B2AD72 /* UIKit.framework in Frameworks */ = {isa = PBXBuildFile; fileRef = 14FF226B16CABC6100B2AD72 /* UIKit.framework */; };
		14FF226E16CABC6100B2AD72 /* Foundation.framework in Frameworks */ = {isa = PBXBuildFile; fileRef = 14FF226D16CABC6100B2AD72 /* Foundation.framework */; };
		14FF227016CABC6100B2AD72 /* CoreGraphics.framework in Frameworks */ = {isa = PBXBuildFile; fileRef = 14FF226F16CABC6100B2AD72 /* CoreGraphics.framework */; };
		14FF227616CABC6100B2AD72 /* InfoPlist.strings in Resources */ = {isa = PBXBuildFile; fileRef = 14FF227416CABC6100B2AD72 /* InfoPlist.strings */; };
		14FF227816CABC6100B2AD72 /* main.m in Sources */ = {isa = PBXBuildFile; fileRef = 14FF227716CABC6100B2AD72 /* main.m */; };
		14FF227C16CABC6100B2AD72 /* zonecontrolAppDelegate.m in Sources */ = {isa = PBXBuildFile; fileRef = 14FF227B16CABC6100B2AD72 /* zonecontrolAppDelegate.m */; };
		14FF227E16CABC6100B2AD72 /* Default.png in Resources */ = {isa = PBXBuildFile; fileRef = 14FF227D16CABC6100B2AD72 /* Default.png */; };
		14FF228016CABC6100B2AD72 /* Default@2x.png in Resources */ = {isa = PBXBuildFile; fileRef = 14FF227F16CABC6100B2AD72 /* Default@2x.png */; };
		14FF228216CABC6100B2AD72 /* Default-568h@2x.png in Resources */ = {isa = PBXBuildFile; fileRef = 14FF228116CABC6100B2AD72 /* Default-568h@2x.png */; };
		14FF228516CABC6100B2AD72 /* MainStoryboard.storyboard in Resources */ = {isa = PBXBuildFile; fileRef = 14FF228316CABC6100B2AD72 /* MainStoryboard.storyboard */; };
		14FF228816CABC6100B2AD72 /* zonecontrolFirstViewController.m in Sources */ = {isa = PBXBuildFile; fileRef = 14FF228716CABC6100B2AD72 /* zonecontrolFirstViewController.m */; };
		14FF228A16CABC6100B2AD72 /* first.png in Resources */ = {isa = PBXBuildFile; fileRef = 14FF228916CABC6100B2AD72 /* first.png */; };
		14FF228C16CABC6100B2AD72 /* first@2x.png in Resources */ = {isa = PBXBuildFile; fileRef = 14FF228B16CABC6100B2AD72 /* first@2x.png */; };
		14FF228F16CABC6100B2AD72 /* zonecontrolSecondViewController.m in Sources */ = {isa = PBXBuildFile; fileRef = 14FF228E16CABC6100B2AD72 /* zonecontrolSecondViewController.m */; };
		14FF229116CABC6100B2AD72 /* second.png in Resources */ = {isa = PBXBuildFile; fileRef = 14FF229016CABC6100B2AD72 /* second.png */; };
		14FF229316CABC6100B2AD72 /* second@2x.png in Resources */ = {isa = PBXBuildFile; fileRef = 14FF229216CABC6100B2AD72 /* second@2x.png */; };
		14FF229A16CABDBE00B2AD72 /* MapKit.framework in Frameworks */ = {isa = PBXBuildFile; fileRef = 14FF229916CABDBE00B2AD72 /* MapKit.framework */; };
/* End PBXBuildFile section */

/* Begin PBXFileReference section */
		1413275A16CD506C007B6207 /* Target.h */ = {isa = PBXFileReference; fileEncoding = 4; lastKnownFileType = sourcecode.c.h; path = Target.h; sourceTree = "<group>"; };
		1413275B16CD506C007B6207 /* Target.m */ = {isa = PBXFileReference; fileEncoding = 4; lastKnownFileType = sourcecode.c.objc; path = Target.m; sourceTree = "<group>"; };
		14FF226716CABC6100B2AD72 /* Zone Control.app */ = {isa = PBXFileReference; explicitFileType = wrapper.application; includeInIndex = 0; path = "Zone Control.app"; sourceTree = BUILT_PRODUCTS_DIR; };
		14FF226B16CABC6100B2AD72 /* UIKit.framework */ = {isa = PBXFileReference; lastKnownFileType = wrapper.framework; name = UIKit.framework; path = System/Library/Frameworks/UIKit.framework; sourceTree = SDKROOT; };
		14FF226D16CABC6100B2AD72 /* Foundation.framework */ = {isa = PBXFileReference; lastKnownFileType = wrapper.framework; name = Foundation.framework; path = System/Library/Frameworks/Foundation.framework; sourceTree = SDKROOT; };
		14FF226F16CABC6100B2AD72 /* CoreGraphics.framework */ = {isa = PBXFileReference; lastKnownFileType = wrapper.framework; name = CoreGraphics.framework; path = System/Library/Frameworks/CoreGraphics.framework; sourceTree = SDKROOT; };
		14FF227316CABC6100B2AD72 /* Zone Control-Info.plist */ = {isa = PBXFileReference; lastKnownFileType = text.plist.xml; path = "Zone Control-Info.plist"; sourceTree = "<group>"; };
		14FF227516CABC6100B2AD72 /* en */ = {isa = PBXFileReference; lastKnownFileType = text.plist.strings; name = en; path = en.lproj/InfoPlist.strings; sourceTree = "<group>"; };
		14FF227716CABC6100B2AD72 /* main.m */ = {isa = PBXFileReference; lastKnownFileType = sourcecode.c.objc; path = main.m; sourceTree = "<group>"; };
		14FF227916CABC6100B2AD72 /* Zone Control-Prefix.pch */ = {isa = PBXFileReference; lastKnownFileType = sourcecode.c.h; path = "Zone Control-Prefix.pch"; sourceTree = "<group>"; };
		14FF227A16CABC6100B2AD72 /* zonecontrolAppDelegate.h */ = {isa = PBXFileReference; lastKnownFileType = sourcecode.c.h; path = zonecontrolAppDelegate.h; sourceTree = "<group>"; };
		14FF227B16CABC6100B2AD72 /* zonecontrolAppDelegate.m */ = {isa = PBXFileReference; lastKnownFileType = sourcecode.c.objc; path = zonecontrolAppDelegate.m; sourceTree = "<group>"; };
		14FF227D16CABC6100B2AD72 /* Default.png */ = {isa = PBXFileReference; lastKnownFileType = image.png; path = Default.png; sourceTree = "<group>"; };
		14FF227F16CABC6100B2AD72 /* Default@2x.png */ = {isa = PBXFileReference; lastKnownFileType = image.png; path = "Default@2x.png"; sourceTree = "<group>"; };
		14FF228116CABC6100B2AD72 /* Default-568h@2x.png */ = {isa = PBXFileReference; lastKnownFileType = image.png; path = "Default-568h@2x.png"; sourceTree = "<group>"; };
		14FF228416CABC6100B2AD72 /* en */ = {isa = PBXFileReference; lastKnownFileType = file.storyboard; name = en; path = en.lproj/MainStoryboard.storyboard; sourceTree = "<group>"; };
		14FF228616CABC6100B2AD72 /* zonecontrolFirstViewController.h */ = {isa = PBXFileReference; lastKnownFileType = sourcecode.c.h; path = zonecontrolFirstViewController.h; sourceTree = "<group>"; };
		14FF228716CABC6100B2AD72 /* zonecontrolFirstViewController.m */ = {isa = PBXFileReference; lastKnownFileType = sourcecode.c.objc; path = zonecontrolFirstViewController.m; sourceTree = "<group>"; };
		14FF228916CABC6100B2AD72 /* first.png */ = {isa = PBXFileReference; lastKnownFileType = image.png; path = first.png; sourceTree = "<group>"; };
		14FF228B16CABC6100B2AD72 /* first@2x.png */ = {isa = PBXFileReference; lastKnownFileType = image.png; path = "first@2x.png"; sourceTree = "<group>"; };
		14FF228D16CABC6100B2AD72 /* zonecontrolSecondViewController.h */ = {isa = PBXFileReference; lastKnownFileType = sourcecode.c.h; path = zonecontrolSecondViewController.h; sourceTree = "<group>"; };
		14FF228E16CABC6100B2AD72 /* zonecontrolSecondViewController.m */ = {isa = PBXFileReference; lastKnownFileType = sourcecode.c.objc; path = zonecontrolSecondViewController.m; sourceTree = "<group>"; };
		14FF229016CABC6100B2AD72 /* second.png */ = {isa = PBXFileReference; lastKnownFileType = image.png; path = second.png; sourceTree = "<group>"; };
		14FF229216CABC6100B2AD72 /* second@2x.png */ = {isa = PBXFileReference; lastKnownFileType = image.png; path = "second@2x.png"; sourceTree = "<group>"; };
		14FF229916CABDBE00B2AD72 /* MapKit.framework */ = {isa = PBXFileReference; lastKnownFileType = wrapper.framework; name = MapKit.framework; path = System/Library/Frameworks/MapKit.framework; sourceTree = SDKROOT; };
/* End PBXFileReference section */

/* Begin PBXFrameworksBuildPhase section */
		14FF226416CABC6100B2AD72 /* Frameworks */ = {
			isa = PBXFrameworksBuildPhase;
			buildActionMask = 2147483647;
			files = (
				14FF229A16CABDBE00B2AD72 /* MapKit.framework in Frameworks */,
				14FF226C16CABC6100B2AD72 /* UIKit.framework in Frameworks */,
				14FF226E16CABC6100B2AD72 /* Foundation.framework in Frameworks */,
				14FF227016CABC6100B2AD72 /* CoreGraphics.framework in Frameworks */,
			);
			runOnlyForDeploymentPostprocessing = 0;
		};
/* End PBXFrameworksBuildPhase section */

/* Begin PBXGroup section */
		14FF225C16CABC6100B2AD72 = {
			isa = PBXGroup;
			children = (
				14FF229916CABDBE00B2AD72 /* MapKit.framework */,
				14FF227116CABC6100B2AD72 /* Zone Control */,
				14FF226A16CABC6100B2AD72 /* Frameworks */,
				14FF226816CABC6100B2AD72 /* Products */,
			);
			sourceTree = "<group>";
		};
		14FF226816CABC6100B2AD72 /* Products */ = {
			isa = PBXGroup;
			children = (
				14FF226716CABC6100B2AD72 /* Zone Control.app */,
			);
			name = Products;
			sourceTree = "<group>";
		};
		14FF226A16CABC6100B2AD72 /* Frameworks */ = {
			isa = PBXGroup;
			children = (
				14FF226B16CABC6100B2AD72 /* UIKit.framework */,
				14FF226D16CABC6100B2AD72 /* Foundation.framework */,
				14FF226F16CABC6100B2AD72 /* CoreGraphics.framework */,
			);
			name = Frameworks;
			sourceTree = "<group>";
		};
		14FF227116CABC6100B2AD72 /* Zone Control */ = {
			isa = PBXGroup;
			children = (
				14FF227A16CABC6100B2AD72 /* zonecontrolAppDelegate.h */,
				14FF227B16CABC6100B2AD72 /* zonecontrolAppDelegate.m */,
				14FF228316CABC6100B2AD72 /* MainStoryboard.storyboard */,
				1413275A16CD506C007B6207 /* Target.h */,
				1413275B16CD506C007B6207 /* Target.m */,
				14FF228616CABC6100B2AD72 /* zonecontrolFirstViewController.h */,
				14FF228716CABC6100B2AD72 /* zonecontrolFirstViewController.m */,
				14FF228916CABC6100B2AD72 /* first.png */,
				14FF228B16CABC6100B2AD72 /* first@2x.png */,
				14FF228D16CABC6100B2AD72 /* zonecontrolSecondViewController.h */,
				14FF228E16CABC6100B2AD72 /* zonecontrolSecondViewController.m */,
				14FF229016CABC6100B2AD72 /* second.png */,
				14FF229216CABC6100B2AD72 /* second@2x.png */,
				14FF227216CABC6100B2AD72 /* Supporting Files */,
			);
			path = "Zone Control";
			sourceTree = "<group>";
		};
		14FF227216CABC6100B2AD72 /* Supporting Files */ = {
			isa = PBXGroup;
			children = (
				14FF227316CABC6100B2AD72 /* Zone Control-Info.plist */,
				14FF227416CABC6100B2AD72 /* InfoPlist.strings */,
				14FF227716CABC6100B2AD72 /* main.m */,
				14FF227916CABC6100B2AD72 /* Zone Control-Prefix.pch */,
				14FF227D16CABC6100B2AD72 /* Default.png */,
				14FF227F16CABC6100B2AD72 /* Default@2x.png */,
				14FF228116CABC6100B2AD72 /* Default-568h@2x.png */,
			);
			name = "Supporting Files";
			sourceTree = "<group>";
		};
/* End PBXGroup section */

/* Begin PBXNativeTarget section */
		14FF226616CABC6100B2AD72 /* Zone Control */ = {
			isa = PBXNativeTarget;
			buildConfigurationList = 14FF229616CABC6100B2AD72 /* Build configuration list for PBXNativeTarget "Zone Control" */;
			buildPhases = (
				14FF226316CABC6100B2AD72 /* Sources */,
				14FF226416CABC6100B2AD72 /* Frameworks */,
				14FF226516CABC6100B2AD72 /* Resources */,
			);
			buildRules = (
			);
			dependencies = (
			);
			name = "Zone Control";
			productName = "Zone Control";
			productReference = 14FF226716CABC6100B2AD72 /* Zone Control.app */;
			productType = "com.apple.product-type.application";
		};
/* End PBXNativeTarget section */

/* Begin PBXProject section */
		14FF225E16CABC6100B2AD72 /* Project object */ = {
			isa = PBXProject;
			attributes = {
				CLASSPREFIX = zonecontrol;
				LastUpgradeCheck = 0450;
				ORGANIZATIONNAME = "Scott Monroe";
			};
			buildConfigurationList = 14FF226116CABC6100B2AD72 /* Build configuration list for PBXProject "Zone Control" */;
			compatibilityVersion = "Xcode 3.2";
			developmentRegion = English;
			hasScannedForEncodings = 0;
			knownRegions = (
				en,
			);
			mainGroup = 14FF225C16CABC6100B2AD72;
			productRefGroup = 14FF226816CABC6100B2AD72 /* Products */;
			projectDirPath = "";
			projectRoot = "";
			targets = (
				14FF226616CABC6100B2AD72 /* Zone Control */,
			);
		};
/* End PBXProject section */

/* Begin PBXResourcesBuildPhase section */
		14FF226516CABC6100B2AD72 /* Resources */ = {
			isa = PBXResourcesBuildPhase;
			buildActionMask = 2147483647;
			files = (
				14FF227616CABC6100B2AD72 /* InfoPlist.strings in Resources */,
				14FF227E16CABC6100B2AD72 /* Default.png in Resources */,
				14FF228016CABC6100B2AD72 /* Default@2x.png in Resources */,
				14FF228216CABC6100B2AD72 /* Default-568h@2x.png in Resources */,
				14FF228516CABC6100B2AD72 /* MainStoryboard.storyboard in Resources */,
				14FF228A16CABC6100B2AD72 /* first.png in Resources */,
				14FF228C16CABC6100B2AD72 /* first@2x.png in Resources */,
				14FF229116CABC6100B2AD72 /* second.png in Resources */,
				14FF229316CABC6100B2AD72 /* second@2x.png in Resources */,
			);
			runOnlyForDeploymentPostprocessing = 0;
		};
/* End PBXResourcesBuildPhase section */

/* Begin PBXSourcesBuildPhase section */
		14FF226316CABC6100B2AD72 /* Sources */ = {
			isa = PBXSourcesBuildPhase;
			buildActionMask = 2147483647;
			files = (
				14FF227816CABC6100B2AD72 /* main.m in Sources */,
				14FF227C16CABC6100B2AD72 /* zonecontrolAppDelegate.m in Sources */,
				14FF228816CABC6100B2AD72 /* zonecontrolFirstViewController.m in Sources */,
				14FF228F16CABC6100B2AD72 /* zonecontrolSecondViewController.m in Sources */,
				1413275C16CD506C007B6207 /* Target.m in Sources */,
			);
			runOnlyForDeploymentPostprocessing = 0;
		};
/* End PBXSourcesBuildPhase section */

/* Begin PBXVariantGroup section */
		14FF227416CABC6100B2AD72 /* InfoPlist.strings */ = {
			isa = PBXVariantGroup;
			children = (
				14FF227516CABC6100B2AD72 /* en */,
			);
			name = InfoPlist.strings;
			sourceTree = "<group>";
		};
		14FF228316CABC6100B2AD72 /* MainStoryboard.storyboard */ = {
			isa = PBXVariantGroup;
			children = (
				14FF228416CABC6100B2AD72 /* en */,
			);
			name = MainStoryboard.storyboard;
			sourceTree = "<group>";
		};
/* End PBXVariantGroup section */

/* Begin XCBuildConfiguration section */
		14FF229416CABC6100B2AD72 /* Debug */ = {
			isa = XCBuildConfiguration;
			buildSettings = {
				ALWAYS_SEARCH_USER_PATHS = NO;
				CLANG_CXX_LANGUAGE_STANDARD = "gnu++0x";
				CLANG_CXX_LIBRARY = "libc++";
				CLANG_ENABLE_OBJC_ARC = YES;
				CLANG_WARN_EMPTY_BODY = YES;
				CLANG_WARN__DUPLICATE_METHOD_MATCH = YES;
				"CODE_SIGN_IDENTITY[sdk=iphoneos*]" = "iPhone Developer";
				COPY_PHASE_STRIP = NO;
				GCC_C_LANGUAGE_STANDARD = gnu99;
				GCC_DYNAMIC_NO_PIC = NO;
				GCC_OPTIMIZATION_LEVEL = 0;
				GCC_PREPROCESSOR_DEFINITIONS = (
					"DEBUG=1",
					"$(inherited)",
				);
				GCC_SYMBOLS_PRIVATE_EXTERN = NO;
				GCC_WARN_ABOUT_RETURN_TYPE = YES;
				GCC_WARN_UNINITIALIZED_AUTOS = YES;
				GCC_WARN_UNUSED_VARIABLE = YES;
				IPHONEOS_DEPLOYMENT_TARGET = 6.0;
				ONLY_ACTIVE_ARCH = YES;
				SDKROOT = iphoneos;
			};
			name = Debug;
		};
		14FF229516CABC6100B2AD72 /* Release */ = {
			isa = XCBuildConfiguration;
			buildSettings = {
				ALWAYS_SEARCH_USER_PATHS = NO;
				CLANG_CXX_LANGUAGE_STANDARD = "gnu++0x";
				CLANG_CXX_LIBRARY = "libc++";
				CLANG_ENABLE_OBJC_ARC = YES;
				CLANG_WARN_EMPTY_BODY = YES;
				CLANG_WARN__DUPLICATE_METHOD_MATCH = YES;
				"CODE_SIGN_IDENTITY[sdk=iphoneos*]" = "iPhone Developer";
				COPY_PHASE_STRIP = YES;
				GCC_C_LANGUAGE_STANDARD = gnu99;
				GCC_WARN_ABOUT_RETURN_TYPE = YES;
				GCC_WARN_UNINITIALIZED_AUTOS = YES;
				GCC_WARN_UNUSED_VARIABLE = YES;
				IPHONEOS_DEPLOYMENT_TARGET = 6.0;
				OTHER_CFLAGS = "-DNS_BLOCK_ASSERTIONS=1";
				SDKROOT = iphoneos;
				VALIDATE_PRODUCT = YES;
			};
			name = Release;
		};
		14FF229716CABC6100B2AD72 /* Debug */ = {
			isa = XCBuildConfiguration;
			buildSettings = {
				GCC_PRECOMPILE_PREFIX_HEADER = YES;
				GCC_PREFIX_HEADER = "Zone Control/Zone Control-Prefix.pch";
				INFOPLIST_FILE = "Zone Control/Zone Control-Info.plist";
				PRODUCT_NAME = "$(TARGET_NAME)";
				WRAPPER_EXTENSION = app;
			};
			name = Debug;
		};
		14FF229816CABC6100B2AD72 /* Release */ = {
			isa = XCBuildConfiguration;
			buildSettings = {
				GCC_PRECOMPILE_PREFIX_HEADER = YES;
				GCC_PREFIX_HEADER = "Zone Control/Zone Control-Prefix.pch";
				INFOPLIST_FILE = "Zone Control/Zone Control-Info.plist";
				PRODUCT_NAME = "$(TARGET_NAME)";
				WRAPPER_EXTENSION = app;
			};
			name = Release;
		};
/* End XCBuildConfiguration section */

/* Begin XCConfigurationList section */
		14FF226116CABC6100B2AD72 /* Build configuration list for PBXProject "Zone Control" */ = {
			isa = XCConfigurationList;
			buildConfigurations = (
				14FF229416CABC6100B2AD72 /* Debug */,
				14FF229516CABC6100B2AD72 /* Release */,
			);
			defaultConfigurationIsVisible = 0;
			defaultConfigurationName = Release;
		};
		14FF229616CABC6100B2AD72 /* Build configuration list for PBXNativeTarget "Zone Control" */ = {
			isa = XCConfigurationList;
			buildConfigurations = (
				14FF229716CABC6100B2AD72 /* Debug */,
				14FF229816CABC6100B2AD72 /* Release */,
			);
			defaultConfigurationIsVisible = 0;
			defaultConfigurationName = Release;
		};
/* End XCConfigurationList section */
	};
	rootObject = 14FF225E16CABC6100B2AD72 /* Project object */;
}
